
Microsoft Visual Studio Solution File, Format Version 12.00
# Visual Studio Version 16
VisualStudioVersion = 16.0.32106.194
MinimumVisualStudioVersion = 10.0.40219.1
Project("{FAE04EC0-301F-11D3-BF4B-00C04F79EFBC}") = "WpfMVVM", "WpfMVVM\WpfMVVM.csproj", "{5555E36F-DDDA-4E37-A40A-F461FB3404C2}"
EndProject
Global
	GlobalSection(SolutionConfigurationPlatforms) = preSolution
		Debug|Any CPU = Debug|Any CPU
		Release|Any CPU = Release|Any CPU
	EndGlobalSection
	GlobalSection(ProjectConfigurationPlatforms) = postSolution
		{5555E36F-DDDA-4E37-A40A-F461FB3404C2}.Debug|Any CPU.ActiveCfg = Debug|Any CPU
		{5555E36F-DDDA-4E37-A40A-F461FB3404C2}.Debug|Any CPU.Build.0 = Debug|Any CPU
		{5555E36F-DDDA-4E37-A40A-F461FB3404C2}.Release|Any CPU.ActiveCfg = Release|Any CPU
		{5555E36F-DDDA-4E37-A40A-F461FB3404C2}.Release|Any CPU.Build.0 = Release|Any CPU
	EndGlobalSection
	GlobalSection(SolutionProperties) = preSolution
		HideSolutionNode = FALSE
	EndGlobalSection
	GlobalSection(ExtensibilityGlobals) = postSolution
		SolutionGuid = {01639FDF-BC07-4E40-BE13-73E9CF8FD159}
	EndGlobalSection
EndGlobal
